
Microsoft Visual Studio Solution File, Format Version 12.00
# Visual Studio 15
VisualStudioVersion = 15.0.27130.2027
MinimumVisualStudioVersion = 10.0.40219.1
Project("{FAE04EC0-301F-11D3-BF4B-00C04F79EFBC}") = "循环语句while", "循环语句\循环语句while.csproj", "{5E202E65-3FC6-4487-9C79-6719F5625850}"
EndProject
Project("{FAE04EC0-301F-11D3-BF4B-00C04F79EFBC}") = "dowhile", "dowhile\dowhile.csproj", "{57624542-06CF-4E68-9E20-8A59A6882FA6}"
EndProject
Global
	GlobalSection(SolutionConfigurationPlatforms) = preSolution
		Debug|Any CPU = Debug|Any CPU
		Release|Any CPU = Release|Any CPU
	EndGlobalSection
	GlobalSection(ProjectConfigurationPlatforms) = postSolution
		{5E202E65-3FC6-4487-9C79-6719F5625850}.Debug|Any CPU.ActiveCfg = Debug|Any CPU
		{5E202E65-3FC6-4487-9C79-6719F5625850}.Debug|Any CPU.Build.0 = Debug|Any CPU
		{5E202E65-3FC6-4487-9C79-6719F5625850}.Release|Any CPU.ActiveCfg = Release|Any CPU
		{5E202E65-3FC6-4487-9C79-6719F5625850}.Release|Any CPU.Build.0 = Release|Any CPU
		{57624542-06CF-4E68-9E20-8A59A6882FA6}.Debug|Any CPU.ActiveCfg = Debug|Any CPU
		{57624542-06CF-4E68-9E20-8A59A6882FA6}.Debug|Any CPU.Build.0 = Debug|Any CPU
		{57624542-06CF-4E68-9E20-8A59A6882FA6}.Release|Any CPU.ActiveCfg = Release|Any CPU
		{57624542-06CF-4E68-9E20-8A59A6882FA6}.Release|Any CPU.Build.0 = Release|Any CPU
	EndGlobalSection
	GlobalSection(SolutionProperties) = preSolution
		HideSolutionNode = FALSE
	EndGlobalSection
	GlobalSection(ExtensibilityGlobals) = postSolution
		SolutionGuid = {79EA9B7C-FE7C-4515-A9E8-6D3FBBACE7F1}
	EndGlobalSection
EndGlobal
